// !$*UTF8*$!
{
	archiveVersion = 1;
	classes = {
	};
	objectVersion = 50;
	objects = {

/* Begin PBXBuildFile section */
		627C661225BD809000FFC418 /* MainPage.swift in Sources */ = {isa = PBXBuildFile; fileRef = 627C661125BD809000FFC418 /* MainPage.swift */; };
		62B518B2251258CE009E4DBD /* AppDelegate.swift in Sources */ = {isa = PBXBuildFile; fileRef = 62B518B1251258CE009E4DBD /* AppDelegate.swift */; };
		62B518B4251258CE009E4DBD /* SceneDelegate.swift in Sources */ = {isa = PBXBuildFile; fileRef = 62B518B3251258CE009E4DBD /* SceneDelegate.swift */; };
		62B518B6251258CE009E4DBD /* ViewController.swift in Sources */ = {isa = PBXBuildFile; fileRef = 62B518B5251258CE009E4DBD /* ViewController.swift */; };
		62B518B9251258CE009E4DBD /* Main.storyboard in Resources */ = {isa = PBXBuildFile; fileRef = 62B518B7251258CE009E4DBD /* Main.storyboard */; };
		62B518BB251258CF009E4DBD /* Assets.xcassets in Resources */ = {isa = PBXBuildFile; fileRef = 62B518BA251258CF009E4DBD /* Assets.xcassets */; };
		62B518BE251258CF009E4DBD /* LaunchScreen.storyboard in Resources */ = {isa = PBXBuildFile; fileRef = 62B518BC251258CF009E4DBD /* LaunchScreen.storyboard */; };
		62B63F8B25C19ECC007B57C3 /* PostsTableViewController.swift in Sources */ = {isa = PBXBuildFile; fileRef = 62B63F8A25C19ECC007B57C3 /* PostsTableViewController.swift */; };
		62B63F8E25C19EEB007B57C3 /* PostsTableViewCell.swift in Sources */ = {isa = PBXBuildFile; fileRef = 62B63F8D25C19EEB007B57C3 /* PostsTableViewCell.swift */; };
		62B63F9125C1A189007B57C3 /* LivePostsCollectionViewCell.swift in Sources */ = {isa = PBXBuildFile; fileRef = 62B63F9025C1A189007B57C3 /* LivePostsCollectionViewCell.swift */; };
		62B63F9425C1A37D007B57C3 /* LivePostsCollectionViewController.swift in Sources */ = {isa = PBXBuildFile; fileRef = 62B63F9325C1A37D007B57C3 /* LivePostsCollectionViewController.swift */; };
/* End PBXBuildFile section */

/* Begin PBXFileReference section */
		627C661125BD809000FFC418 /* MainPage.swift */ = {isa = PBXFileReference; lastKnownFileType = sourcecode.swift; path = MainPage.swift; sourceTree = "<group>"; };
		62B518AE251258CE009E4DBD /* Instagram.app */ = {isa = PBXFileReference; explicitFileType = wrapper.application; includeInIndex = 0; path = Instagram.app; sourceTree = BUILT_PRODUCTS_DIR; };
		62B518B1251258CE009E4DBD /* AppDelegate.swift */ = {isa = PBXFileReference; lastKnownFileType = sourcecode.swift; path = AppDelegate.swift; sourceTree = "<group>"; };
		62B518B3251258CE009E4DBD /* SceneDelegate.swift */ = {isa = PBXFileReference; lastKnownFileType = sourcecode.swift; path = SceneDelegate.swift; sourceTree = "<group>"; };
		62B518B5251258CE009E4DBD /* ViewController.swift */ = {isa = PBXFileReference; lastKnownFileType = sourcecode.swift; path = ViewController.swift; sourceTree = "<group>"; };
		62B518B8251258CE009E4DBD /* Base */ = {isa = PBXFileReference; lastKnownFileType = file.storyboard; name = Base; path = Base.lproj/Main.storyboard; sourceTree = "<group>"; };
		62B518BA251258CF009E4DBD /* Assets.xcassets */ = {isa = PBXFileReference; lastKnownFileType = folder.assetcatalog; path = Assets.xcassets; sourceTree = "<group>"; };
		62B518BD251258CF009E4DBD /* Base */ = {isa = PBXFileReference; lastKnownFileType = file.storyboard; name = Base; path = Base.lproj/LaunchScreen.storyboard; sourceTree = "<group>"; };
		62B518BF251258CF009E4DBD /* Info.plist */ = {isa = PBXFileReference; lastKnownFileType = text.plist.xml; path = Info.plist; sourceTree = "<group>"; };
		62B63F8A25C19ECC007B57C3 /* PostsTableViewController.swift */ = {isa = PBXFileReference; lastKnownFileType = sourcecode.swift; path = PostsTableViewController.swift; sourceTree = "<group>"; };
		62B63F8D25C19EEB007B57C3 /* PostsTableViewCell.swift */ = {isa = PBXFileReference; lastKnownFileType = sourcecode.swift; path = PostsTableViewCell.swift; sourceTree = "<group>"; };
		62B63F9025C1A189007B57C3 /* LivePostsCollectionViewCell.swift */ = {isa = PBXFileReference; lastKnownFileType = sourcecode.swift; path = LivePostsCollectionViewCell.swift; sourceTree = "<group>"; };
		62B63F9325C1A37D007B57C3 /* LivePostsCollectionViewController.swift */ = {isa = PBXFileReference; lastKnownFileType = sourcecode.swift; path = LivePostsCollectionViewController.swift; sourceTree = "<group>"; };
/* End PBXFileReference section */

/* Begin PBXFrameworksBuildPhase section */
		62B518AB251258CE009E4DBD /* Frameworks */ = {
			isa = PBXFrameworksBuildPhase;
			buildActionMask = 2147483647;
			files = (
			);
			runOnlyForDeploymentPostprocessing = 0;
		};
/* End PBXFrameworksBuildPhase section */

/* Begin PBXGroup section */
		62B518A5251258CE009E4DBD = {
			isa = PBXGroup;
			children = (
				62B63F8A25C19ECC007B57C3 /* PostsTableViewController.swift */,
				62B63F8D25C19EEB007B57C3 /* PostsTableViewCell.swift */,
				62B518B0251258CE009E4DBD /* Instagram */,
				62B518AF251258CE009E4DBD /* Products */,
			);
			sourceTree = "<group>";
		};
		62B518AF251258CE009E4DBD /* Products */ = {
			isa = PBXGroup;
			children = (
				62B518AE251258CE009E4DBD /* Instagram.app */,
			);
			name = Products;
			sourceTree = "<group>";
		};
		62B518B0251258CE009E4DBD /* Instagram */ = {
			isa = PBXGroup;
			children = (
				62B518B1251258CE009E4DBD /* AppDelegate.swift */,
				62B518B3251258CE009E4DBD /* SceneDelegate.swift */,
				62B518B5251258CE009E4DBD /* ViewController.swift */,
				62B518B7251258CE009E4DBD /* Main.storyboard */,
				62B63F9325C1A37D007B57C3 /* LivePostsCollectionViewController.swift */,
				62B63F9025C1A189007B57C3 /* LivePostsCollectionViewCell.swift */,
				627C661125BD809000FFC418 /* MainPage.swift */,
				62B518BA251258CF009E4DBD /* Assets.xcassets */,
				62B518BC251258CF009E4DBD /* LaunchScreen.storyboard */,
				62B518BF251258CF009E4DBD /* Info.plist */,
			);
			path = Instagram;
			sourceTree = "<group>";
		};
/* End PBXGroup section */

/* Begin PBXNativeTarget section */
		62B518AD251258CE009E4DBD /* Instagram */ = {
			isa = PBXNativeTarget;
			buildConfigurationList = 62B518C2251258CF009E4DBD /* Build configuration list for PBXNativeTarget "Instagram" */;
			buildPhases = (
				62B518AA251258CE009E4DBD /* Sources */,
				62B518AB251258CE009E4DBD /* Frameworks */,
				62B518AC251258CE009E4DBD /* Resources */,
			);
			buildRules = (
			);
			dependencies = (
			);
			name = Instagram;
			productName = Instagram;
			productReference = 62B518AE251258CE009E4DBD /* Instagram.app */;
			productType = "com.apple.product-type.application";
		};
/* End PBXNativeTarget section */

/* Begin PBXProject section */
		62B518A6251258CE009E4DBD /* Project object */ = {
			isa = PBXProject;
			attributes = {
				LastSwiftUpdateCheck = 1170;
				LastUpgradeCheck = 1170;
				ORGANIZATIONNAME = yulin.com;
				TargetAttributes = {
					62B518AD251258CE009E4DBD = {
						CreatedOnToolsVersion = 11.7;
					};
				};
			};
			buildConfigurationList = 62B518A9251258CE009E4DBD /* Build configuration list for PBXProject "Instagram" */;
			compatibilityVersion = "Xcode 9.3";
			developmentRegion = en;
			hasScannedForEncodings = 0;
			knownRegions = (
				en,
				Base,
			);
			mainGroup = 62B518A5251258CE009E4DBD;
			productRefGroup = 62B518AF251258CE009E4DBD /* Products */;
			projectDirPath = "";
			projectRoot = "";
			targets = (
				62B518AD251258CE009E4DBD /* Instagram */,
			);
		};
/* End PBXProject section */

/* Begin PBXResourcesBuildPhase section */
		62B518AC251258CE009E4DBD /* Resources */ = {
			isa = PBXResourcesBuildPhase;
			buildActionMask = 2147483647;
			files = (
				62B518BE251258CF009E4DBD /* LaunchScreen.storyboard in Resources */,
				62B518BB251258CF009E4DBD /* Assets.xcassets in Resources */,
				62B518B9251258CE009E4DBD /* Main.storyboard in Resources */,
			);
			runOnlyForDeploymentPostprocessing = 0;
		};
/* End PBXResourcesBuildPhase section */

/* Begin PBXSourcesBuildPhase section */
		62B518AA251258CE009E4DBD /* Sources */ = {
			isa = PBXSourcesBuildPhase;
			buildActionMask = 2147483647;
			files = (
				62B63F9125C1A189007B57C3 /* LivePostsCollectionViewCell.swift in Sources */,
				62B518B6251258CE009E4DBD /* ViewController.swift in Sources */,
				62B518B2251258CE009E4DBD /* AppDelegate.swift in Sources */,
				62B518B4251258CE009E4DBD /* SceneDelegate.swift in Sources */,
				62B63F8E25C19EEB007B57C3 /* PostsTableViewCell.swift in Sources */,
				627C661225BD809000FFC418 /* MainPage.swift in Sources */,
				62B63F9425C1A37D007B57C3 /* LivePostsCollectionViewController.swift in Sources */,
				62B63F8B25C19ECC007B57C3 /* PostsTableViewController.swift in Sources */,
			);
			runOnlyForDeploymentPostprocessing = 0;
		};
/* End PBXSourcesBuildPhase section */

/* Begin PBXVariantGroup section */
		62B518B7251258CE009E4DBD /* Main.storyboard */ = {
			isa = PBXVariantGroup;
			children = (
				62B518B8251258CE009E4DBD /* Base */,
			);
			name = Main.storyboard;
			sourceTree = "<group>";
		};
		62B518BC251258CF009E4DBD /* LaunchScreen.storyboard */ = {
			isa = PBXVariantGroup;
			children = (
				62B518BD251258CF009E4DBD /* Base */,
			);
			name = LaunchScreen.storyboard;
			sourceTree = "<group>";
		};
/* End PBXVariantGroup section */

/* Begin XCBuildConfiguration section */
		62B518C0251258CF009E4DBD /* Debug */ = {
			isa = XCBuildConfiguration;
			buildSettings = {
				ALWAYS_SEARCH_USER_PATHS = NO;
				CLANG_ANALYZER_NONNULL = YES;
				CLANG_ANALYZER_NUMBER_OBJECT_CONVERSION = YES_AGGRESSIVE;
				CLANG_CXX_LANGUAGE_STANDARD = "gnu++14";
				CLANG_CXX_LIBRARY = "libc++";
				CLANG_ENABLE_MODULES = YES;
				CLANG_ENABLE_OBJC_ARC = YES;
				CLANG_ENABLE_OBJC_WEAK = YES;
				CLANG_WARN_BLOCK_CAPTURE_AUTORELEASING = YES;
				CLANG_WARN_BOOL_CONVERSION = YES;
				CLANG_WARN_COMMA = YES;
				CLANG_WARN_CONSTANT_CONVERSION = YES;
				CLANG_WARN_DEPRECATED_OBJC_IMPLEMENTATIONS = YES;
				CLANG_WARN_DIRECT_OBJC_ISA_USAGE = YES_ERROR;
				CLANG_WARN_DOCUMENTATION_COMMENTS = YES;
				CLANG_WARN_EMPTY_BODY = YES;
				CLANG_WARN_ENUM_CONVERSION = YES;
				CLANG_WARN_INFINITE_RECURSION = YES;
				CLANG_WARN_INT_CONVERSION = YES;
				CLANG_WARN_NON_LITERAL_NULL_CONVERSION = YES;
				CLANG_WARN_OBJC_IMPLICIT_RETAIN_SELF = YES;
				CLANG_WARN_OBJC_LITERAL_CONVERSION = YES;
				CLANG_WARN_OBJC_ROOT_CLASS = YES_ERROR;
				CLANG_WARN_RANGE_LOOP_ANALYSIS = YES;
				CLANG_WARN_STRICT_PROTOTYPES = YES;
				CLANG_WARN_SUSPICIOUS_MOVE = YES;
				CLANG_WARN_UNGUARDED_AVAILABILITY = YES_AGGRESSIVE;
				CLANG_WARN_UNREACHABLE_CODE = YES;
				CLANG_WARN__DUPLICATE_METHOD_MATCH = YES;
				COPY_PHASE_STRIP = NO;
				DEBUG_INFORMATION_FORMAT = dwarf;
				ENABLE_STRICT_OBJC_MSGSEND = YES;
				ENABLE_TESTABILITY = YES;
				GCC_C_LANGUAGE_STANDARD = gnu11;
				GCC_DYNAMIC_NO_PIC = NO;
				GCC_NO_COMMON_BLOCKS = YES;
				GCC_OPTIMIZATION_LEVEL = 0;
				GCC_PREPROCESSOR_DEFINITIONS = (
					"DEBUG=1",
					"$(inherited)",
				);
				GCC_WARN_64_TO_32_BIT_CONVERSION = YES;
				GCC_WARN_ABOUT_RETURN_TYPE = YES_ERROR;
				GCC_WARN_UNDECLARED_SELECTOR = YES;
				GCC_WARN_UNINITIALIZED_AUTOS = YES_AGGRESSIVE;
				GCC_WARN_UNUSED_FUNCTION = YES;
				GCC_WARN_UNUSED_VARIABLE = YES;
				IPHONEOS_DEPLOYMENT_TARGET = 13.7;
				MTL_ENABLE_DEBUG_INFO = INCLUDE_SOURCE;
				MTL_FAST_MATH = YES;
				ONLY_ACTIVE_ARCH = YES;
				SDKROOT = iphoneos;
				SWIFT_ACTIVE_COMPILATION_CONDITIONS = DEBUG;
				SWIFT_OPTIMIZATION_LEVEL = "-Onone";
			};
			name = Debug;
		};
		62B518C1251258CF009E4DBD /* Release */ = {
			isa = XCBuildConfiguration;
			buildSettings = {
				ALWAYS_SEARCH_USER_PATHS = NO;
				CLANG_ANALYZER_NONNULL = YES;
				CLANG_ANALYZER_NUMBER_OBJECT_CONVERSION = YES_AGGRESSIVE;
				CLANG_CXX_LANGUAGE_STANDARD = "gnu++14";
				CLANG_CXX_LIBRARY = "libc++";
				CLANG_ENABLE_MODULES = YES;
				CLANG_ENABLE_OBJC_ARC = YES;
				CLANG_ENABLE_OBJC_WEAK = YES;
				CLANG_WARN_BLOCK_CAPTURE_AUTORELEASING = YES;
				CLANG_WARN_BOOL_CONVERSION = YES;
				CLANG_WARN_COMMA = YES;
				CLANG_WARN_CONSTANT_CONVERSION = YES;
				CLANG_WARN_DEPRECATED_OBJC_IMPLEMENTATIONS = YES;
				CLANG_WARN_DIRECT_OBJC_ISA_USAGE = YES_ERROR;
				CLANG_WARN_DOCUMENTATION_COMMENTS = YES;
				CLANG_WARN_EMPTY_BODY = YES;
				CLANG_WARN_ENUM_CONVERSION = YES;
				CLANG_WARN_INFINITE_RECURSION = YES;
				CLANG_WARN_INT_CONVERSION = YES;
				CLANG_WARN_NON_LITERAL_NULL_CONVERSION = YES;
				CLANG_WARN_OBJC_IMPLICIT_RETAIN_SELF = YES;
				CLANG_WARN_OBJC_LITERAL_CONVERSION = YES;
				CLANG_WARN_OBJC_ROOT_CLASS = YES_ERROR;
				CLANG_WARN_RANGE_LOOP_ANALYSIS = YES;
				CLANG_WARN_STRICT_PROTOTYPES = YES;
				CLANG_WARN_SUSPICIOUS_MOVE = YES;
				CLANG_WARN_UNGUARDED_AVAILABILITY = YES_AGGRESSIVE;
				CLANG_WARN_UNREACHABLE_CODE = YES;
				CLANG_WARN__DUPLICATE_METHOD_MATCH = YES;
				COPY_PHASE_STRIP = NO;
				DEBUG_INFORMATION_FORMAT = "dwarf-with-dsym";
				ENABLE_NS_ASSERTIONS = NO;
				ENABLE_STRICT_OBJC_MSGSEND = YES;
				GCC_C_LANGUAGE_STANDARD = gnu11;
				GCC_NO_COMMON_BLOCKS = YES;
				GCC_WARN_64_TO_32_BIT_CONVERSION = YES;
				GCC_WARN_ABOUT_RETURN_TYPE = YES_ERROR;
				GCC_WARN_UNDECLARED_SELECTOR = YES;
				GCC_WARN_UNINITIALIZED_AUTOS = YES_AGGRESSIVE;
				GCC_WARN_UNUSED_FUNCTION = YES;
				GCC_WARN_UNUSED_VARIABLE = YES;
				IPHONEOS_DEPLOYMENT_TARGET = 13.7;
				MTL_ENABLE_DEBUG_INFO = NO;
				MTL_FAST_MATH = YES;
				SDKROOT = iphoneos;
				SWIFT_COMPILATION_MODE = wholemodule;
				SWIFT_OPTIMIZATION_LEVEL = "-O";
				VALIDATE_PRODUCT = YES;
			};
			name = Release;
		};
		62B518C3251258CF009E4DBD /* Debug */ = {
			isa = XCBuildConfiguration;
			buildSettings = {
				ASSETCATALOG_COMPILER_APPICON_NAME = AppIcon;
				CODE_SIGN_STYLE = Automatic;
				DEVELOPMENT_TEAM = 94F23Z62YB;
				INFOPLIST_FILE = Instagram/Info.plist;
				LD_RUNPATH_SEARCH_PATHS = (
					"$(inherited)",
					"@executable_path/Frameworks",
				);
				PRODUCT_BUNDLE_IDENTIFIER = yulin.com.Instagram;
				PRODUCT_NAME = "$(TARGET_NAME)";
				SWIFT_VERSION = 5.0;
				TARGETED_DEVICE_FAMILY = "1,2";
			};
			name = Debug;
		};
		62B518C4251258CF009E4DBD /* Release */ = {
			isa = XCBuildConfiguration;
			buildSettings = {
				ASSETCATALOG_COMPILER_APPICON_NAME = AppIcon;
				CODE_SIGN_STYLE = Automatic;
				DEVELOPMENT_TEAM = 94F23Z62YB;
				INFOPLIST_FILE = Instagram/Info.plist;
				LD_RUNPATH_SEARCH_PATHS = (
					"$(inherited)",
					"@executable_path/Frameworks",
				);
				PRODUCT_BUNDLE_IDENTIFIER = yulin.com.Instagram;
				PRODUCT_NAME = "$(TARGET_NAME)";
				SWIFT_VERSION = 5.0;
				TARGETED_DEVICE_FAMILY = "1,2";
			};
			name = Release;
		};
/* End XCBuildConfiguration section */

/* Begin XCConfigurationList section */
		62B518A9251258CE009E4DBD /* Build configuration list for PBXProject "Instagram" */ = {
			isa = XCConfigurationList;
			buildConfigurations = (
				62B518C0251258CF009E4DBD /* Debug */,
				62B518C1251258CF009E4DBD /* Release */,
			);
			defaultConfigurationIsVisible = 0;
			defaultConfigurationName = Release;
		};
		62B518C2251258CF009E4DBD /* Build configuration list for PBXNativeTarget "Instagram" */ = {
			isa = XCConfigurationList;
			buildConfigurations = (
				62B518C3251258CF009E4DBD /* Debug */,
				62B518C4251258CF009E4DBD /* Release */,
			);
			defaultConfigurationIsVisible = 0;
			defaultConfigurationName = Release;
		};
/* End XCConfigurationList section */
	};
	rootObject = 62B518A6251258CE009E4DBD /* Project object */;
}
